
Microsoft Visual Studio Solution File, Format Version 12.00
# Visual Studio Version 16
VisualStudioVersion = 16.0.31702.278
MinimumVisualStudioVersion = 10.0.40219.1
Project("{FAE04EC0-301F-11D3-BF4B-00C04F79EFBC}") = "PokeQualquerCoisa.Android", "PokeQualquerCoisa\PokeQualquerCoisa.Android\PokeQualquerCoisa.Android.csproj", "{951B9371-6196-4732-965F-26B35FB90965}"
EndProject
Project("{FAE04EC0-301F-11D3-BF4B-00C04F79EFBC}") = "PokeQualquerCoisa", "PokeQualquerCoisa\PokeQualquerCoisa\PokeQualquerCoisa.csproj", "{8A681B1A-4E4F-402C-B4E7-FB36F5977592}"
EndProject
Global
	GlobalSection(SolutionConfigurationPlatforms) = preSolution
		Debug|Any CPU = Debug|Any CPU
		Release|Any CPU = Release|Any CPU
	EndGlobalSection
	GlobalSection(ProjectConfigurationPlatforms) = postSolution
		{951B9371-6196-4732-965F-26B35FB90965}.Debug|Any CPU.ActiveCfg = Debug|Any CPU
		{951B9371-6196-4732-965F-26B35FB90965}.Debug|Any CPU.Build.0 = Debug|Any CPU
		{951B9371-6196-4732-965F-26B35FB90965}.Debug|Any CPU.Deploy.0 = Debug|Any CPU
		{951B9371-6196-4732-965F-26B35FB90965}.Release|Any CPU.ActiveCfg = Release|Any CPU
		{951B9371-6196-4732-965F-26B35FB90965}.Release|Any CPU.Build.0 = Release|Any CPU
		{951B9371-6196-4732-965F-26B35FB90965}.Release|Any CPU.Deploy.0 = Release|Any CPU
		{8A681B1A-4E4F-402C-B4E7-FB36F5977592}.Debug|Any CPU.ActiveCfg = Debug|Any CPU
		{8A681B1A-4E4F-402C-B4E7-FB36F5977592}.Debug|Any CPU.Build.0 = Debug|Any CPU
		{8A681B1A-4E4F-402C-B4E7-FB36F5977592}.Debug|Any CPU.Deploy.0 = Debug|Any CPU
		{8A681B1A-4E4F-402C-B4E7-FB36F5977592}.Release|Any CPU.ActiveCfg = Release|Any CPU
		{8A681B1A-4E4F-402C-B4E7-FB36F5977592}.Release|Any CPU.Build.0 = Release|Any CPU
		{8A681B1A-4E4F-402C-B4E7-FB36F5977592}.Release|Any CPU.Deploy.0 = Release|Any CPU
	EndGlobalSection
	GlobalSection(SolutionProperties) = preSolution
		HideSolutionNode = FALSE
	EndGlobalSection
	GlobalSection(ExtensibilityGlobals) = postSolution
		SolutionGuid = {D1F1446D-D163-4E62-BCF4-93007FD68B46}
	EndGlobalSection
EndGlobal
